// !$*UTF8*$!
{
	archiveVersion = 1;
	classes = {
	};
	objectVersion = 50;
	objects = {

/* Begin PBXBuildFile section */
		FF888088218046870083F149 /* AppDelegate.swift in Sources */ = {isa = PBXBuildFile; fileRef = FF888087218046870083F149 /* AppDelegate.swift */; };
		FF88808A218046870083F149 /* ViewController.swift in Sources */ = {isa = PBXBuildFile; fileRef = FF888089218046870083F149 /* ViewController.swift */; };
		FF88808D218046870083F149 /* Main.storyboard in Resources */ = {isa = PBXBuildFile; fileRef = FF88808B218046870083F149 /* Main.storyboard */; };
		FF88808F2180468A0083F149 /* Assets.xcassets in Resources */ = {isa = PBXBuildFile; fileRef = FF88808E2180468A0083F149 /* Assets.xcassets */; };
		FF8880922180468A0083F149 /* LaunchScreen.storyboard in Resources */ = {isa = PBXBuildFile; fileRef = FF8880902180468A0083F149 /* LaunchScreen.storyboard */; };
		FF88809B21804EC60083F149 /* AVFoundation.framework in Frameworks */ = {isa = PBXBuildFile; fileRef = FF88809A21804EC60083F149 /* AVFoundation.framework */; };
/* End PBXBuildFile section */

/* Begin PBXFileReference section */
		FF888084218046870083F149 /* SpeechGame.app */ = {isa = PBXFileReference; explicitFileType = wrapper.application; includeInIndex = 0; path = SpeechGame.app; sourceTree = BUILT_PRODUCTS_DIR; };
		FF888087218046870083F149 /* AppDelegate.swift */ = {isa = PBXFileReference; lastKnownFileType = sourcecode.swift; path = AppDelegate.swift; sourceTree = "<group>"; };
		FF888089218046870083F149 /* ViewController.swift */ = {isa = PBXFileReference; lastKnownFileType = sourcecode.swift; path = ViewController.swift; sourceTree = "<group>"; };
		FF88808C218046870083F149 /* Base */ = {isa = PBXFileReference; lastKnownFileType = file.storyboard; name = Base; path = Base.lproj/Main.storyboard; sourceTree = "<group>"; };
		FF88808E2180468A0083F149 /* Assets.xcassets */ = {isa = PBXFileReference; lastKnownFileType = folder.assetcatalog; path = Assets.xcassets; sourceTree = "<group>"; };
		FF8880912180468A0083F149 /* Base */ = {isa = PBXFileReference; lastKnownFileType = file.storyboard; name = Base; path = Base.lproj/LaunchScreen.storyboard; sourceTree = "<group>"; };
		FF8880932180468A0083F149 /* Info.plist */ = {isa = PBXFileReference; lastKnownFileType = text.plist.xml; path = Info.plist; sourceTree = "<group>"; };
		FF88809A21804EC60083F149 /* AVFoundation.framework */ = {isa = PBXFileReference; lastKnownFileType = wrapper.framework; name = AVFoundation.framework; path = System/Library/Frameworks/AVFoundation.framework; sourceTree = SDKROOT; };
/* End PBXFileReference section */

/* Begin PBXFrameworksBuildPhase section */
		FF888081218046870083F149 /* Frameworks */ = {
			isa = PBXFrameworksBuildPhase;
			buildActionMask = 2147483647;
			files = (
				FF88809B21804EC60083F149 /* AVFoundation.framework in Frameworks */,
			);
			runOnlyForDeploymentPostprocessing = 0;
		};
/* End PBXFrameworksBuildPhase section */

/* Begin PBXGroup section */
		FF88807B218046870083F149 = {
			isa = PBXGroup;
			children = (
				FF888086218046870083F149 /* SpeechGame */,
				FF888085218046870083F149 /* Products */,
				FF88809921804EC50083F149 /* Frameworks */,
			);
			sourceTree = "<group>";
		};
		FF888085218046870083F149 /* Products */ = {
			isa = PBXGroup;
			children = (
				FF888084218046870083F149 /* SpeechGame.app */,
			);
			name = Products;
			sourceTree = "<group>";
		};
		FF888086218046870083F149 /* SpeechGame */ = {
			isa = PBXGroup;
			children = (
				FF888087218046870083F149 /* AppDelegate.swift */,
				FF888089218046870083F149 /* ViewController.swift */,
				FF88808B218046870083F149 /* Main.storyboard */,
				FF88808E2180468A0083F149 /* Assets.xcassets */,
				FF8880902180468A0083F149 /* LaunchScreen.storyboard */,
				FF8880932180468A0083F149 /* Info.plist */,
			);
			path = SpeechGame;
			sourceTree = "<group>";
		};
		FF88809921804EC50083F149 /* Frameworks */ = {
			isa = PBXGroup;
			children = (
				FF88809A21804EC60083F149 /* AVFoundation.framework */,
			);
			name = Frameworks;
			sourceTree = "<group>";
		};
/* End PBXGroup section */

/* Begin PBXNativeTarget section */
		FF888083218046870083F149 /* SpeechGame */ = {
			isa = PBXNativeTarget;
			buildConfigurationList = FF8880962180468A0083F149 /* Build configuration list for PBXNativeTarget "SpeechGame" */;
			buildPhases = (
				FF888080218046870083F149 /* Sources */,
				FF888081218046870083F149 /* Frameworks */,
				FF888082218046870083F149 /* Resources */,
			);
			buildRules = (
			);
			dependencies = (
			);
			name = SpeechGame;
			productName = SpeechGame;
			productReference = FF888084218046870083F149 /* SpeechGame.app */;
			productType = "com.apple.product-type.application";
		};
/* End PBXNativeTarget section */

/* Begin PBXProject section */
		FF88807C218046870083F149 /* Project object */ = {
			isa = PBXProject;
			attributes = {
				LastSwiftUpdateCheck = 0940;
				LastUpgradeCheck = 0940;
				ORGANIZATIONNAME = "Akash Soni";
				TargetAttributes = {
					FF888083218046870083F149 = {
						CreatedOnToolsVersion = 9.4;
					};
				};
			};
			buildConfigurationList = FF88807F218046870083F149 /* Build configuration list for PBXProject "SpeechGame" */;
			compatibilityVersion = "Xcode 9.3";
			developmentRegion = en;
			hasScannedForEncodings = 0;
			knownRegions = (
				en,
				Base,
			);
			mainGroup = FF88807B218046870083F149;
			productRefGroup = FF888085218046870083F149 /* Products */;
			projectDirPath = "";
			projectRoot = "";
			targets = (
				FF888083218046870083F149 /* SpeechGame */,
			);
		};
/* End PBXProject section */

/* Begin PBXResourcesBuildPhase section */
		FF888082218046870083F149 /* Resources */ = {
			isa = PBXResourcesBuildPhase;
			buildActionMask = 2147483647;
			files = (
				FF8880922180468A0083F149 /* LaunchScreen.storyboard in Resources */,
				FF88808F2180468A0083F149 /* Assets.xcassets in Resources */,
				FF88808D218046870083F149 /* Main.storyboard in Resources */,
			);
			runOnlyForDeploymentPostprocessing = 0;
		};
/* End PBXResourcesBuildPhase section */

/* Begin PBXSourcesBuildPhase section */
		FF888080218046870083F149 /* Sources */ = {
			isa = PBXSourcesBuildPhase;
			buildActionMask = 2147483647;
			files = (
				FF88808A218046870083F149 /* ViewController.swift in Sources */,
				FF888088218046870083F149 /* AppDelegate.swift in Sources */,
			);
			runOnlyForDeploymentPostprocessing = 0;
		};
/* End PBXSourcesBuildPhase section */

/* Begin PBXVariantGroup section */
		FF88808B218046870083F149 /* Main.storyboard */ = {
			isa = PBXVariantGroup;
			children = (
				FF88808C218046870083F149 /* Base */,
			);
			name = Main.storyboard;
			sourceTree = "<group>";
		};
		FF8880902180468A0083F149 /* LaunchScreen.storyboard */ = {
			isa = PBXVariantGroup;
			children = (
				FF8880912180468A0083F149 /* Base */,
			);
			name = LaunchScreen.storyboard;
			sourceTree = "<group>";
		};
/* End PBXVariantGroup section */

/* Begin XCBuildConfiguration section */
		FF8880942180468A0083F149 /* Debug */ = {
			isa = XCBuildConfiguration;
			buildSettings = {
				ALWAYS_SEARCH_USER_PATHS = NO;
				CLANG_ANALYZER_NONNULL = YES;
				CLANG_ANALYZER_NUMBER_OBJECT_CONVERSION = YES_AGGRESSIVE;
				CLANG_CXX_LANGUAGE_STANDARD = "gnu++14";
				CLANG_CXX_LIBRARY = "libc++";
				CLANG_ENABLE_MODULES = YES;
				CLANG_ENABLE_OBJC_ARC = YES;
				CLANG_ENABLE_OBJC_WEAK = YES;
				CLANG_WARN_BLOCK_CAPTURE_AUTORELEASING = YES;
				CLANG_WARN_BOOL_CONVERSION = YES;
				CLANG_WARN_COMMA = YES;
				CLANG_WARN_CONSTANT_CONVERSION = YES;
				CLANG_WARN_DEPRECATED_OBJC_IMPLEMENTATIONS = YES;
				CLANG_WARN_DIRECT_OBJC_ISA_USAGE = YES_ERROR;
				CLANG_WARN_DOCUMENTATION_COMMENTS = YES;
				CLANG_WARN_EMPTY_BODY = YES;
				CLANG_WARN_ENUM_CONVERSION = YES;
				CLANG_WARN_INFINITE_RECURSION = YES;
				CLANG_WARN_INT_CONVERSION = YES;
				CLANG_WARN_NON_LITERAL_NULL_CONVERSION = YES;
				CLANG_WARN_OBJC_IMPLICIT_RETAIN_SELF = YES;
				CLANG_WARN_OBJC_LITERAL_CONVERSION = YES;
				CLANG_WARN_OBJC_ROOT_CLASS = YES_ERROR;
				CLANG_WARN_RANGE_LOOP_ANALYSIS = YES;
				CLANG_WARN_STRICT_PROTOTYPES = YES;
				CLANG_WARN_SUSPICIOUS_MOVE = YES;
				CLANG_WARN_UNGUARDED_AVAILABILITY = YES_AGGRESSIVE;
				CLANG_WARN_UNREACHABLE_CODE = YES;
				CLANG_WARN__DUPLICATE_METHOD_MATCH = YES;
				CODE_SIGN_IDENTITY = "iPhone Developer";
				COPY_PHASE_STRIP = NO;
				DEBUG_INFORMATION_FORMAT = dwarf;
				ENABLE_STRICT_OBJC_MSGSEND = YES;
				ENABLE_TESTABILITY = YES;
				GCC_C_LANGUAGE_STANDARD = gnu11;
				GCC_DYNAMIC_NO_PIC = NO;
				GCC_NO_COMMON_BLOCKS = YES;
				GCC_OPTIMIZATION_LEVEL = 0;
				GCC_PREPROCESSOR_DEFINITIONS = (
					"DEBUG=1",
					"$(inherited)",
				);
				GCC_WARN_64_TO_32_BIT_CONVERSION = YES;
				GCC_WARN_ABOUT_RETURN_TYPE = YES_ERROR;
				GCC_WARN_UNDECLARED_SELECTOR = YES;
				GCC_WARN_UNINITIALIZED_AUTOS = YES_AGGRESSIVE;
				GCC_WARN_UNUSED_FUNCTION = YES;
				GCC_WARN_UNUSED_VARIABLE = YES;
				IPHONEOS_DEPLOYMENT_TARGET = 11.4;
				MTL_ENABLE_DEBUG_INFO = YES;
				ONLY_ACTIVE_ARCH = YES;
				SDKROOT = iphoneos;
				SWIFT_ACTIVE_COMPILATION_CONDITIONS = DEBUG;
				SWIFT_OPTIMIZATION_LEVEL = "-Onone";
			};
			name = Debug;
		};
		FF8880952180468A0083F149 /* Release */ = {
			isa = XCBuildConfiguration;
			buildSettings = {
				ALWAYS_SEARCH_USER_PATHS = NO;
				CLANG_ANALYZER_NONNULL = YES;
				CLANG_ANALYZER_NUMBER_OBJECT_CONVERSION = YES_AGGRESSIVE;
				CLANG_CXX_LANGUAGE_STANDARD = "gnu++14";
				CLANG_CXX_LIBRARY = "libc++";
				CLANG_ENABLE_MODULES = YES;
				CLANG_ENABLE_OBJC_ARC = YES;
				CLANG_ENABLE_OBJC_WEAK = YES;
				CLANG_WARN_BLOCK_CAPTURE_AUTORELEASING = YES;
				CLANG_WARN_BOOL_CONVERSION = YES;
				CLANG_WARN_COMMA = YES;
				CLANG_WARN_CONSTANT_CONVERSION = YES;
				CLANG_WARN_DEPRECATED_OBJC_IMPLEMENTATIONS = YES;
				CLANG_WARN_DIRECT_OBJC_ISA_USAGE = YES_ERROR;
				CLANG_WARN_DOCUMENTATION_COMMENTS = YES;
				CLANG_WARN_EMPTY_BODY = YES;
				CLANG_WARN_ENUM_CONVERSION = YES;
				CLANG_WARN_INFINITE_RECURSION = YES;
				CLANG_WARN_INT_CONVERSION = YES;
				CLANG_WARN_NON_LITERAL_NULL_CONVERSION = YES;
				CLANG_WARN_OBJC_IMPLICIT_RETAIN_SELF = YES;
				CLANG_WARN_OBJC_LITERAL_CONVERSION = YES;
				CLANG_WARN_OBJC_ROOT_CLASS = YES_ERROR;
				CLANG_WARN_RANGE_LOOP_ANALYSIS = YES;
				CLANG_WARN_STRICT_PROTOTYPES = YES;
				CLANG_WARN_SUSPICIOUS_MOVE = YES;
				CLANG_WARN_UNGUARDED_AVAILABILITY = YES_AGGRESSIVE;
				CLANG_WARN_UNREACHABLE_CODE = YES;
				CLANG_WARN__DUPLICATE_METHOD_MATCH = YES;
				CODE_SIGN_IDENTITY = "iPhone Developer";
				COPY_PHASE_STRIP = NO;
				DEBUG_INFORMATION_FORMAT = "dwarf-with-dsym";
				ENABLE_NS_ASSERTIONS = NO;
				ENABLE_STRICT_OBJC_MSGSEND = YES;
				GCC_C_LANGUAGE_STANDARD = gnu11;
				GCC_NO_COMMON_BLOCKS = YES;
				GCC_WARN_64_TO_32_BIT_CONVERSION = YES;
				GCC_WARN_ABOUT_RETURN_TYPE = YES_ERROR;
				GCC_WARN_UNDECLARED_SELECTOR = YES;
				GCC_WARN_UNINITIALIZED_AUTOS = YES_AGGRESSIVE;
				GCC_WARN_UNUSED_FUNCTION = YES;
				GCC_WARN_UNUSED_VARIABLE = YES;
				IPHONEOS_DEPLOYMENT_TARGET = 11.4;
				MTL_ENABLE_DEBUG_INFO = NO;
				SDKROOT = iphoneos;
				SWIFT_COMPILATION_MODE = wholemodule;
				SWIFT_OPTIMIZATION_LEVEL = "-O";
				VALIDATE_PRODUCT = YES;
			};
			name = Release;
		};
		FF8880972180468A0083F149 /* Debug */ = {
			isa = XCBuildConfiguration;
			buildSettings = {
				ASSETCATALOG_COMPILER_APPICON_NAME = AppIcon;
				CODE_SIGN_STYLE = Manual;
				DEVELOPMENT_TEAM = MU2HBNZVP7;
				INFOPLIST_FILE = SpeechGame/Info.plist;
				LD_RUNPATH_SEARCH_PATHS = (
					"$(inherited)",
					"@executable_path/Frameworks",
				);
				PRODUCT_BUNDLE_IDENTIFIER = com.invent.Vocabimate;
				PRODUCT_NAME = "$(TARGET_NAME)";
				PROVISIONING_PROFILE = "9ac7d3ef-4025-4071-bfd4-07d9341b73c1";
				PROVISIONING_PROFILE_SPECIFIER = "Vocabimate Dev";
				SWIFT_VERSION = 4.0;
				TARGETED_DEVICE_FAMILY = "1,2";
			};
			name = Debug;
		};
		FF8880982180468A0083F149 /* Release */ = {
			isa = XCBuildConfiguration;
			buildSettings = {
				ASSETCATALOG_COMPILER_APPICON_NAME = AppIcon;
				CODE_SIGN_STYLE = Manual;
				DEVELOPMENT_TEAM = MU2HBNZVP7;
				INFOPLIST_FILE = SpeechGame/Info.plist;
				LD_RUNPATH_SEARCH_PATHS = (
					"$(inherited)",
					"@executable_path/Frameworks",
				);
				PRODUCT_BUNDLE_IDENTIFIER = com.invent.Vocabimate;
				PRODUCT_NAME = "$(TARGET_NAME)";
				PROVISIONING_PROFILE = "9ac7d3ef-4025-4071-bfd4-07d9341b73c1";
				PROVISIONING_PROFILE_SPECIFIER = "Vocabimate Dev";
				SWIFT_VERSION = 4.0;
				TARGETED_DEVICE_FAMILY = "1,2";
			};
			name = Release;
		};
/* End XCBuildConfiguration section */

/* Begin XCConfigurationList section */
		FF88807F218046870083F149 /* Build configuration list for PBXProject "SpeechGame" */ = {
			isa = XCConfigurationList;
			buildConfigurations = (
				FF8880942180468A0083F149 /* Debug */,
				FF8880952180468A0083F149 /* Release */,
			);
			defaultConfigurationIsVisible = 0;
			defaultConfigurationName = Release;
		};
		FF8880962180468A0083F149 /* Build configuration list for PBXNativeTarget "SpeechGame" */ = {
			isa = XCConfigurationList;
			buildConfigurations = (
				FF8880972180468A0083F149 /* Debug */,
				FF8880982180468A0083F149 /* Release */,
			);
			defaultConfigurationIsVisible = 0;
			defaultConfigurationName = Release;
		};
/* End XCConfigurationList section */
	};
	rootObject = FF88807C218046870083F149 /* Project object */;
}
