// !$*UTF8*$!
{
	archiveVersion = 1;
	classes = {
	};
	objectVersion = 46;
	objects = {

/* Begin PBXBuildFile section */
		7539A4711CE7A57600505E8B /* AppDelegate.swift in Sources */ = {isa = PBXBuildFile; fileRef = 7539A4701CE7A57600505E8B /* AppDelegate.swift */; };
		7539A4731CE7A57600505E8B /* ViewController.swift in Sources */ = {isa = PBXBuildFile; fileRef = 7539A4721CE7A57600505E8B /* ViewController.swift */; };
		7539A4761CE7A57600505E8B /* Main.storyboard in Resources */ = {isa = PBXBuildFile; fileRef = 7539A4741CE7A57600505E8B /* Main.storyboard */; };
		7539A4781CE7A57600505E8B /* Assets.xcassets in Resources */ = {isa = PBXBuildFile; fileRef = 7539A4771CE7A57600505E8B /* Assets.xcassets */; };
		7539A47B1CE7A57600505E8B /* LaunchScreen.storyboard in Resources */ = {isa = PBXBuildFile; fileRef = 7539A4791CE7A57600505E8B /* LaunchScreen.storyboard */; };
/* End PBXBuildFile section */

/* Begin PBXFileReference section */
		7539A46D1CE7A57600505E8B /* SpeakToMe.app */ = {isa = PBXFileReference; explicitFileType = wrapper.application; includeInIndex = 0; path = SpeakToMe.app; sourceTree = BUILT_PRODUCTS_DIR; };
		7539A4701CE7A57600505E8B /* AppDelegate.swift */ = {isa = PBXFileReference; lastKnownFileType = sourcecode.swift; path = AppDelegate.swift; sourceTree = "<group>"; };
		7539A4721CE7A57600505E8B /* ViewController.swift */ = {isa = PBXFileReference; lastKnownFileType = sourcecode.swift; path = ViewController.swift; sourceTree = "<group>"; };
		7539A4751CE7A57600505E8B /* Base */ = {isa = PBXFileReference; lastKnownFileType = file.storyboard; name = Base; path = Base.lproj/Main.storyboard; sourceTree = "<group>"; };
		7539A4771CE7A57600505E8B /* Assets.xcassets */ = {isa = PBXFileReference; lastKnownFileType = folder.assetcatalog; path = Assets.xcassets; sourceTree = "<group>"; };
		7539A47A1CE7A57600505E8B /* Base */ = {isa = PBXFileReference; lastKnownFileType = file.storyboard; name = Base; path = Base.lproj/LaunchScreen.storyboard; sourceTree = "<group>"; };
		7539A47C1CE7A57600505E8B /* Info.plist */ = {isa = PBXFileReference; lastKnownFileType = text.plist.xml; path = Info.plist; sourceTree = "<group>"; };
		B56B3B031CEB85E1001766E2 /* README.md */ = {isa = PBXFileReference; lastKnownFileType = net.daringfireball.markdown; path = README.md; sourceTree = "<group>"; };
/* End PBXFileReference section */

/* Begin PBXFrameworksBuildPhase section */
		7539A46A1CE7A57600505E8B /* Frameworks */ = {
			isa = PBXFrameworksBuildPhase;
			buildActionMask = 2147483647;
			files = (
			);
			runOnlyForDeploymentPostprocessing = 0;
		};
/* End PBXFrameworksBuildPhase section */

/* Begin PBXGroup section */
		7539A4641CE7A57600505E8B = {
			isa = PBXGroup;
			children = (
				B56B3B031CEB85E1001766E2 /* README.md */,
				7539A46F1CE7A57600505E8B /* SpeakToMe */,
				7539A46E1CE7A57600505E8B /* Products */,
			);
			indentWidth = 4;
			sourceTree = "<group>";
			tabWidth = 4;
		};
		7539A46E1CE7A57600505E8B /* Products */ = {
			isa = PBXGroup;
			children = (
				7539A46D1CE7A57600505E8B /* SpeakToMe.app */,
			);
			name = Products;
			sourceTree = "<group>";
		};
		7539A46F1CE7A57600505E8B /* SpeakToMe */ = {
			isa = PBXGroup;
			children = (
				7539A4701CE7A57600505E8B /* AppDelegate.swift */,
				7539A4721CE7A57600505E8B /* ViewController.swift */,
				7539A4741CE7A57600505E8B /* Main.storyboard */,
				7539A4771CE7A57600505E8B /* Assets.xcassets */,
				7539A4791CE7A57600505E8B /* LaunchScreen.storyboard */,
				7539A47C1CE7A57600505E8B /* Info.plist */,
			);
			path = SpeakToMe;
			sourceTree = "<group>";
		};
/* End PBXGroup section */

/* Begin PBXNativeTarget section */
		7539A46C1CE7A57600505E8B /* SpeakToMe */ = {
			isa = PBXNativeTarget;
			buildConfigurationList = 7539A47F1CE7A57600505E8B /* Build configuration list for PBXNativeTarget "SpeakToMe" */;
			buildPhases = (
				7539A4691CE7A57600505E8B /* Sources */,
				7539A46A1CE7A57600505E8B /* Frameworks */,
				7539A46B1CE7A57600505E8B /* Resources */,
			);
			buildRules = (
			);
			dependencies = (
			);
			name = SpeakToMe;
			productName = SpeakToMe;
			productReference = 7539A46D1CE7A57600505E8B /* SpeakToMe.app */;
			productType = "com.apple.product-type.application";
		};
/* End PBXNativeTarget section */

/* Begin PBXProject section */
		7539A4651CE7A57600505E8B /* Project object */ = {
			isa = PBXProject;
			attributes = {
				LastSwiftUpdateCheck = 0800;
				LastUpgradeCheck = 0800;
				ORGANIZATIONNAME = "Henry Mason";
				TargetAttributes = {
					7539A46C1CE7A57600505E8B = {
						CreatedOnToolsVersion = 8.0;
						ProvisioningStyle = Automatic;
					};
				};
			};
			buildConfigurationList = 7539A4681CE7A57600505E8B /* Build configuration list for PBXProject "SpeakToMe" */;
			compatibilityVersion = "Xcode 3.2";
			developmentRegion = English;
			hasScannedForEncodings = 0;
			knownRegions = (
				en,
				Base,
			);
			mainGroup = 7539A4641CE7A57600505E8B;
			productRefGroup = 7539A46E1CE7A57600505E8B /* Products */;
			projectDirPath = "";
			projectRoot = "";
			targets = (
				7539A46C1CE7A57600505E8B /* SpeakToMe */,
			);
		};
/* End PBXProject section */

/* Begin PBXResourcesBuildPhase section */
		7539A46B1CE7A57600505E8B /* Resources */ = {
			isa = PBXResourcesBuildPhase;
			buildActionMask = 2147483647;
			files = (
				7539A47B1CE7A57600505E8B /* LaunchScreen.storyboard in Resources */,
				7539A4781CE7A57600505E8B /* Assets.xcassets in Resources */,
				7539A4761CE7A57600505E8B /* Main.storyboard in Resources */,
			);
			runOnlyForDeploymentPostprocessing = 0;
		};
/* End PBXResourcesBuildPhase section */

/* Begin PBXSourcesBuildPhase section */
		7539A4691CE7A57600505E8B /* Sources */ = {
			isa = PBXSourcesBuildPhase;
			buildActionMask = 2147483647;
			files = (
				7539A4731CE7A57600505E8B /* ViewController.swift in Sources */,
				7539A4711CE7A57600505E8B /* AppDelegate.swift in Sources */,
			);
			runOnlyForDeploymentPostprocessing = 0;
		};
/* End PBXSourcesBuildPhase section */

/* Begin PBXVariantGroup section */
		7539A4741CE7A57600505E8B /* Main.storyboard */ = {
			isa = PBXVariantGroup;
			children = (
				7539A4751CE7A57600505E8B /* Base */,
			);
			name = Main.storyboard;
			sourceTree = "<group>";
		};
		7539A4791CE7A57600505E8B /* LaunchScreen.storyboard */ = {
			isa = PBXVariantGroup;
			children = (
				7539A47A1CE7A57600505E8B /* Base */,
			);
			name = LaunchScreen.storyboard;
			sourceTree = "<group>";
		};
/* End PBXVariantGroup section */

/* Begin XCBuildConfiguration section */
		7539A47D1CE7A57600505E8B /* Debug */ = {
			isa = XCBuildConfiguration;
			buildSettings = {
				ALWAYS_SEARCH_USER_PATHS = NO;
				ASSETCATALOG_COMPRESSION = lossless;
				CLANG_ANALYZER_NONNULL = YES;
				CLANG_CXX_LANGUAGE_STANDARD = "gnu++0x";
				CLANG_CXX_LIBRARY = "libc++";
				CLANG_ENABLE_MODULES = YES;
				CLANG_ENABLE_OBJC_ARC = YES;
				CLANG_WARN_BOOL_CONVERSION = YES;
				CLANG_WARN_CONSTANT_CONVERSION = YES;
				CLANG_WARN_DIRECT_OBJC_ISA_USAGE = YES_ERROR;
				CLANG_WARN_EMPTY_BODY = YES;
				CLANG_WARN_ENUM_CONVERSION = YES;
				CLANG_WARN_INT_CONVERSION = YES;
				CLANG_WARN_OBJC_ROOT_CLASS = YES_ERROR;
				CLANG_WARN_UNREACHABLE_CODE = YES;
				CLANG_WARN__DUPLICATE_METHOD_MATCH = YES;
				"CODE_SIGN_IDENTITY[sdk=iphoneos*]" = "-";
				COPY_PHASE_STRIP = NO;
				DEBUG_INFORMATION_FORMAT = dwarf;
				ENABLE_STRICT_OBJC_MSGSEND = YES;
				ENABLE_TESTABILITY = YES;
				GCC_C_LANGUAGE_STANDARD = gnu99;
				GCC_DYNAMIC_NO_PIC = NO;
				GCC_NO_COMMON_BLOCKS = YES;
				GCC_OPTIMIZATION_LEVEL = 0;
				GCC_PREPROCESSOR_DEFINITIONS = (
					"DEBUG=1",
					"$(inherited)",
				);
				GCC_WARN_64_TO_32_BIT_CONVERSION = YES;
				GCC_WARN_ABOUT_RETURN_TYPE = YES_ERROR;
				GCC_WARN_UNDECLARED_SELECTOR = YES;
				GCC_WARN_UNINITIALIZED_AUTOS = YES_AGGRESSIVE;
				GCC_WARN_UNUSED_FUNCTION = YES;
				GCC_WARN_UNUSED_VARIABLE = YES;
				IPHONEOS_DEPLOYMENT_TARGET = 10.0;
				MTL_ENABLE_DEBUG_INFO = YES;
				ONLY_ACTIVE_ARCH = YES;
				SDKROOT = iphoneos;
				SWIFT_ACTIVE_COMPILATION_CONDITIONS = DEBUG;
				SWIFT_OPTIMIZATION_LEVEL = "-Onone";
				TARGETED_DEVICE_FAMILY = "1,2";
			};
			name = Debug;
		};
		7539A47E1CE7A57600505E8B /* Release */ = {
			isa = XCBuildConfiguration;
			buildSettings = {
				ALWAYS_SEARCH_USER_PATHS = NO;
				ASSETCATALOG_COMPRESSION = "respect-asset-catalog";
				CLANG_ANALYZER_NONNULL = YES;
				CLANG_CXX_LANGUAGE_STANDARD = "gnu++0x";
				CLANG_CXX_LIBRARY = "libc++";
				CLANG_ENABLE_MODULES = YES;
				CLANG_ENABLE_OBJC_ARC = YES;
				CLANG_WARN_BOOL_CONVERSION = YES;
				CLANG_WARN_CONSTANT_CONVERSION = YES;
				CLANG_WARN_DIRECT_OBJC_ISA_USAGE = YES_ERROR;
				CLANG_WARN_EMPTY_BODY = YES;
				CLANG_WARN_ENUM_CONVERSION = YES;
				CLANG_WARN_INT_CONVERSION = YES;
				CLANG_WARN_OBJC_ROOT_CLASS = YES_ERROR;
				CLANG_WARN_UNREACHABLE_CODE = YES;
				CLANG_WARN__DUPLICATE_METHOD_MATCH = YES;
				"CODE_SIGN_IDENTITY[sdk=iphoneos*]" = "-";
				COPY_PHASE_STRIP = NO;
				DEBUG_INFORMATION_FORMAT = "dwarf-with-dsym";
				ENABLE_NS_ASSERTIONS = NO;
				ENABLE_STRICT_OBJC_MSGSEND = YES;
				GCC_C_LANGUAGE_STANDARD = gnu99;
				GCC_NO_COMMON_BLOCKS = YES;
				GCC_WARN_64_TO_32_BIT_CONVERSION = YES;
				GCC_WARN_ABOUT_RETURN_TYPE = YES_ERROR;
				GCC_WARN_UNDECLARED_SELECTOR = YES;
				GCC_WARN_UNINITIALIZED_AUTOS = YES_AGGRESSIVE;
				GCC_WARN_UNUSED_FUNCTION = YES;
				GCC_WARN_UNUSED_VARIABLE = YES;
				IPHONEOS_DEPLOYMENT_TARGET = 10.0;
				MTL_ENABLE_DEBUG_INFO = NO;
				SDKROOT = iphoneos;
				SWIFT_OPTIMIZATION_LEVEL = "-Owholemodule";
				TARGETED_DEVICE_FAMILY = "1,2";
				VALIDATE_PRODUCT = YES;
			};
			name = Release;
		};
		7539A4801CE7A57600505E8B /* Debug */ = {
			isa = XCBuildConfiguration;
			buildSettings = {
				ASSETCATALOG_COMPILER_APPICON_NAME = AppIcon;
				"CODE_SIGN_IDENTITY[sdk=iphoneos*]" = "iPhone Developer";
				INFOPLIST_FILE = SpeakToMe/Info.plist;
				LD_RUNPATH_SEARCH_PATHS = "$(inherited) @executable_path/Frameworks";
				PRODUCT_BUNDLE_IDENTIFIER = "com.example.apple-samplecode.SpeakToMe";
				PRODUCT_NAME = "$(TARGET_NAME)";
				SWIFT_VERSION = 3.0;
			};
			name = Debug;
		};
		7539A4811CE7A57600505E8B /* Release */ = {
			isa = XCBuildConfiguration;
			buildSettings = {
				ASSETCATALOG_COMPILER_APPICON_NAME = AppIcon;
				"CODE_SIGN_IDENTITY[sdk=iphoneos*]" = "iPhone Developer";
				INFOPLIST_FILE = SpeakToMe/Info.plist;
				LD_RUNPATH_SEARCH_PATHS = "$(inherited) @executable_path/Frameworks";
				PRODUCT_BUNDLE_IDENTIFIER = "com.example.apple-samplecode.SpeakToMe";
				PRODUCT_NAME = "$(TARGET_NAME)";
				SWIFT_VERSION = 3.0;
			};
			name = Release;
		};
/* End XCBuildConfiguration section */

/* Begin XCConfigurationList section */
		7539A4681CE7A57600505E8B /* Build configuration list for PBXProject "SpeakToMe" */ = {
			isa = XCConfigurationList;
			buildConfigurations = (
				7539A47D1CE7A57600505E8B /* Debug */,
				7539A47E1CE7A57600505E8B /* Release */,
			);
			defaultConfigurationIsVisible = 0;
			defaultConfigurationName = Release;
		};
		7539A47F1CE7A57600505E8B /* Build configuration list for PBXNativeTarget "SpeakToMe" */ = {
			isa = XCConfigurationList;
			buildConfigurations = (
				7539A4801CE7A57600505E8B /* Debug */,
				7539A4811CE7A57600505E8B /* Release */,
			);
			defaultConfigurationIsVisible = 0;
			defaultConfigurationName = Release;
		};
/* End XCConfigurationList section */
	};
	rootObject = 7539A4651CE7A57600505E8B /* Project object */;
}
