// !$*UTF8*$!
{
	archiveVersion = 1;
	classes = {
	};
	objectVersion = 46;
	objects = {

/* Begin PBXBuildFile section */
		37720AEB1D5DAE980028F4E2 /* AppDelegate.swift in Sources */ = {isa = PBXBuildFile; fileRef = 37720AEA1D5DAE980028F4E2 /* AppDelegate.swift */; };
		37720AED1D5DAE980028F4E2 /* ViewController.swift in Sources */ = {isa = PBXBuildFile; fileRef = 37720AEC1D5DAE980028F4E2 /* ViewController.swift */; };
		37720AF01D5DAE980028F4E2 /* Main.storyboard in Resources */ = {isa = PBXBuildFile; fileRef = 37720AEE1D5DAE980028F4E2 /* Main.storyboard */; };
		37720AF21D5DAE980028F4E2 /* Assets.xcassets in Resources */ = {isa = PBXBuildFile; fileRef = 37720AF11D5DAE980028F4E2 /* Assets.xcassets */; };
		37720AF51D5DAE980028F4E2 /* LaunchScreen.storyboard in Resources */ = {isa = PBXBuildFile; fileRef = 37720AF31D5DAE980028F4E2 /* LaunchScreen.storyboard */; };
		37B668531D5DFFBA00B22862 /* MapKit.framework in Frameworks */ = {isa = PBXBuildFile; fileRef = 37B668521D5DFFBA00B22862 /* MapKit.framework */; };
		8762DA9DF81323D13211A569 /* Pods_AlamofirePOC.framework in Frameworks */ = {isa = PBXBuildFile; fileRef = A40113C700ABE9AF9BB0A113 /* Pods_AlamofirePOC.framework */; };
/* End PBXBuildFile section */

/* Begin PBXFileReference section */
		37720AE71D5DAE970028F4E2 /* AlamofirePOC.app */ = {isa = PBXFileReference; explicitFileType = wrapper.application; includeInIndex = 0; path = AlamofirePOC.app; sourceTree = BUILT_PRODUCTS_DIR; };
		37720AEA1D5DAE980028F4E2 /* AppDelegate.swift */ = {isa = PBXFileReference; lastKnownFileType = sourcecode.swift; path = AppDelegate.swift; sourceTree = "<group>"; };
		37720AEC1D5DAE980028F4E2 /* ViewController.swift */ = {isa = PBXFileReference; lastKnownFileType = sourcecode.swift; path = ViewController.swift; sourceTree = "<group>"; };
		37720AEF1D5DAE980028F4E2 /* Base */ = {isa = PBXFileReference; lastKnownFileType = file.storyboard; name = Base; path = Base.lproj/Main.storyboard; sourceTree = "<group>"; };
		37720AF11D5DAE980028F4E2 /* Assets.xcassets */ = {isa = PBXFileReference; lastKnownFileType = folder.assetcatalog; path = Assets.xcassets; sourceTree = "<group>"; };
		37720AF41D5DAE980028F4E2 /* Base */ = {isa = PBXFileReference; lastKnownFileType = file.storyboard; name = Base; path = Base.lproj/LaunchScreen.storyboard; sourceTree = "<group>"; };
		37720AF61D5DAE980028F4E2 /* Info.plist */ = {isa = PBXFileReference; lastKnownFileType = text.plist.xml; path = Info.plist; sourceTree = "<group>"; };
		37B668521D5DFFBA00B22862 /* MapKit.framework */ = {isa = PBXFileReference; lastKnownFileType = wrapper.framework; name = MapKit.framework; path = System/Library/Frameworks/MapKit.framework; sourceTree = SDKROOT; };
		42D0BFB5D6073E7D5CC53308 /* Pods-AlamofirePOC.release.xcconfig */ = {isa = PBXFileReference; includeInIndex = 1; lastKnownFileType = text.xcconfig; name = "Pods-AlamofirePOC.release.xcconfig"; path = "Pods/Target Support Files/Pods-AlamofirePOC/Pods-AlamofirePOC.release.xcconfig"; sourceTree = "<group>"; };
		A40113C700ABE9AF9BB0A113 /* Pods_AlamofirePOC.framework */ = {isa = PBXFileReference; explicitFileType = wrapper.framework; includeInIndex = 0; path = Pods_AlamofirePOC.framework; sourceTree = BUILT_PRODUCTS_DIR; };
		B474B0BC777C32726A29E3E2 /* Pods-AlamofirePOC.debug.xcconfig */ = {isa = PBXFileReference; includeInIndex = 1; lastKnownFileType = text.xcconfig; name = "Pods-AlamofirePOC.debug.xcconfig"; path = "Pods/Target Support Files/Pods-AlamofirePOC/Pods-AlamofirePOC.debug.xcconfig"; sourceTree = "<group>"; };
/* End PBXFileReference section */

/* Begin PBXFrameworksBuildPhase section */
		37720AE41D5DAE970028F4E2 /* Frameworks */ = {
			isa = PBXFrameworksBuildPhase;
			buildActionMask = 2147483647;
			files = (
				37B668531D5DFFBA00B22862 /* MapKit.framework in Frameworks */,
				8762DA9DF81323D13211A569 /* Pods_AlamofirePOC.framework in Frameworks */,
			);
			runOnlyForDeploymentPostprocessing = 0;
		};
/* End PBXFrameworksBuildPhase section */

/* Begin PBXGroup section */
		101FCC406AF9B23AD6C926E8 /* Frameworks */ = {
			isa = PBXGroup;
			children = (
				37B668521D5DFFBA00B22862 /* MapKit.framework */,
				A40113C700ABE9AF9BB0A113 /* Pods_AlamofirePOC.framework */,
			);
			name = Frameworks;
			sourceTree = "<group>";
		};
		37720ADE1D5DAE970028F4E2 = {
			isa = PBXGroup;
			children = (
				37720AE91D5DAE980028F4E2 /* AlamofirePOC */,
				37720AE81D5DAE970028F4E2 /* Products */,
				EDDF13CBD25B811AD05182F2 /* Pods */,
				101FCC406AF9B23AD6C926E8 /* Frameworks */,
			);
			sourceTree = "<group>";
		};
		37720AE81D5DAE970028F4E2 /* Products */ = {
			isa = PBXGroup;
			children = (
				37720AE71D5DAE970028F4E2 /* AlamofirePOC.app */,
			);
			name = Products;
			sourceTree = "<group>";
		};
		37720AE91D5DAE980028F4E2 /* AlamofirePOC */ = {
			isa = PBXGroup;
			children = (
				37720AEA1D5DAE980028F4E2 /* AppDelegate.swift */,
				37720AEC1D5DAE980028F4E2 /* ViewController.swift */,
				37720AEE1D5DAE980028F4E2 /* Main.storyboard */,
				37720AF11D5DAE980028F4E2 /* Assets.xcassets */,
				37720AF31D5DAE980028F4E2 /* LaunchScreen.storyboard */,
				37720AF61D5DAE980028F4E2 /* Info.plist */,
			);
			path = AlamofirePOC;
			sourceTree = "<group>";
		};
		EDDF13CBD25B811AD05182F2 /* Pods */ = {
			isa = PBXGroup;
			children = (
				B474B0BC777C32726A29E3E2 /* Pods-AlamofirePOC.debug.xcconfig */,
				42D0BFB5D6073E7D5CC53308 /* Pods-AlamofirePOC.release.xcconfig */,
			);
			name = Pods;
			sourceTree = "<group>";
		};
/* End PBXGroup section */

/* Begin PBXNativeTarget section */
		37720AE61D5DAE970028F4E2 /* AlamofirePOC */ = {
			isa = PBXNativeTarget;
			buildConfigurationList = 37720AF91D5DAE980028F4E2 /* Build configuration list for PBXNativeTarget "AlamofirePOC" */;
			buildPhases = (
				14488CD739000D191CC37DDF /* [CP] Check Pods Manifest.lock */,
				37720AE31D5DAE970028F4E2 /* Sources */,
				37720AE41D5DAE970028F4E2 /* Frameworks */,
				37720AE51D5DAE970028F4E2 /* Resources */,
				9120BA078E88C862DC2E0C65 /* [CP] Embed Pods Frameworks */,
				EB3812DA4104066E2D6BC6ED /* [CP] Copy Pods Resources */,
			);
			buildRules = (
			);
			dependencies = (
			);
			name = AlamofirePOC;
			productName = AlamofirePOC;
			productReference = 37720AE71D5DAE970028F4E2 /* AlamofirePOC.app */;
			productType = "com.apple.product-type.application";
		};
/* End PBXNativeTarget section */

/* Begin PBXProject section */
		37720ADF1D5DAE970028F4E2 /* Project object */ = {
			isa = PBXProject;
			attributes = {
				LastSwiftUpdateCheck = 0730;
				LastUpgradeCheck = 0730;
				ORGANIZATIONNAME = NovoInvent;
				TargetAttributes = {
					37720AE61D5DAE970028F4E2 = {
						CreatedOnToolsVersion = 7.3;
					};
				};
			};
			buildConfigurationList = 37720AE21D5DAE970028F4E2 /* Build configuration list for PBXProject "AlamofirePOC" */;
			compatibilityVersion = "Xcode 3.2";
			developmentRegion = English;
			hasScannedForEncodings = 0;
			knownRegions = (
				en,
				Base,
			);
			mainGroup = 37720ADE1D5DAE970028F4E2;
			productRefGroup = 37720AE81D5DAE970028F4E2 /* Products */;
			projectDirPath = "";
			projectRoot = "";
			targets = (
				37720AE61D5DAE970028F4E2 /* AlamofirePOC */,
			);
		};
/* End PBXProject section */

/* Begin PBXResourcesBuildPhase section */
		37720AE51D5DAE970028F4E2 /* Resources */ = {
			isa = PBXResourcesBuildPhase;
			buildActionMask = 2147483647;
			files = (
				37720AF51D5DAE980028F4E2 /* LaunchScreen.storyboard in Resources */,
				37720AF21D5DAE980028F4E2 /* Assets.xcassets in Resources */,
				37720AF01D5DAE980028F4E2 /* Main.storyboard in Resources */,
			);
			runOnlyForDeploymentPostprocessing = 0;
		};
/* End PBXResourcesBuildPhase section */

/* Begin PBXShellScriptBuildPhase section */
		14488CD739000D191CC37DDF /* [CP] Check Pods Manifest.lock */ = {
			isa = PBXShellScriptBuildPhase;
			buildActionMask = 2147483647;
			files = (
			);
			inputPaths = (
			);
			name = "[CP] Check Pods Manifest.lock";
			outputPaths = (
			);
			runOnlyForDeploymentPostprocessing = 0;
			shellPath = /bin/sh;
			shellScript = "diff \"${PODS_ROOT}/../Podfile.lock\" \"${PODS_ROOT}/Manifest.lock\" > /dev/null\nif [[ $? != 0 ]] ; then\n    cat << EOM\nerror: The sandbox is not in sync with the Podfile.lock. Run 'pod install' or update your CocoaPods installation.\nEOM\n    exit 1\nfi\n";
			showEnvVarsInLog = 0;
		};
		9120BA078E88C862DC2E0C65 /* [CP] Embed Pods Frameworks */ = {
			isa = PBXShellScriptBuildPhase;
			buildActionMask = 2147483647;
			files = (
			);
			inputPaths = (
			);
			name = "[CP] Embed Pods Frameworks";
			outputPaths = (
			);
			runOnlyForDeploymentPostprocessing = 0;
			shellPath = /bin/sh;
			shellScript = "\"${SRCROOT}/Pods/Target Support Files/Pods-AlamofirePOC/Pods-AlamofirePOC-frameworks.sh\"\n";
			showEnvVarsInLog = 0;
		};
		EB3812DA4104066E2D6BC6ED /* [CP] Copy Pods Resources */ = {
			isa = PBXShellScriptBuildPhase;
			buildActionMask = 2147483647;
			files = (
			);
			inputPaths = (
			);
			name = "[CP] Copy Pods Resources";
			outputPaths = (
			);
			runOnlyForDeploymentPostprocessing = 0;
			shellPath = /bin/sh;
			shellScript = "\"${SRCROOT}/Pods/Target Support Files/Pods-AlamofirePOC/Pods-AlamofirePOC-resources.sh\"\n";
			showEnvVarsInLog = 0;
		};
/* End PBXShellScriptBuildPhase section */

/* Begin PBXSourcesBuildPhase section */
		37720AE31D5DAE970028F4E2 /* Sources */ = {
			isa = PBXSourcesBuildPhase;
			buildActionMask = 2147483647;
			files = (
				37720AED1D5DAE980028F4E2 /* ViewController.swift in Sources */,
				37720AEB1D5DAE980028F4E2 /* AppDelegate.swift in Sources */,
			);
			runOnlyForDeploymentPostprocessing = 0;
		};
/* End PBXSourcesBuildPhase section */

/* Begin PBXVariantGroup section */
		37720AEE1D5DAE980028F4E2 /* Main.storyboard */ = {
			isa = PBXVariantGroup;
			children = (
				37720AEF1D5DAE980028F4E2 /* Base */,
			);
			name = Main.storyboard;
			sourceTree = "<group>";
		};
		37720AF31D5DAE980028F4E2 /* LaunchScreen.storyboard */ = {
			isa = PBXVariantGroup;
			children = (
				37720AF41D5DAE980028F4E2 /* Base */,
			);
			name = LaunchScreen.storyboard;
			sourceTree = "<group>";
		};
/* End PBXVariantGroup section */

/* Begin XCBuildConfiguration section */
		37720AF71D5DAE980028F4E2 /* Debug */ = {
			isa = XCBuildConfiguration;
			buildSettings = {
				ALWAYS_SEARCH_USER_PATHS = NO;
				CLANG_ANALYZER_NONNULL = YES;
				CLANG_CXX_LANGUAGE_STANDARD = "gnu++0x";
				CLANG_CXX_LIBRARY = "libc++";
				CLANG_ENABLE_MODULES = YES;
				CLANG_ENABLE_OBJC_ARC = YES;
				CLANG_WARN_BOOL_CONVERSION = YES;
				CLANG_WARN_CONSTANT_CONVERSION = YES;
				CLANG_WARN_DIRECT_OBJC_ISA_USAGE = YES_ERROR;
				CLANG_WARN_EMPTY_BODY = YES;
				CLANG_WARN_ENUM_CONVERSION = YES;
				CLANG_WARN_INT_CONVERSION = YES;
				CLANG_WARN_OBJC_ROOT_CLASS = YES_ERROR;
				CLANG_WARN_UNREACHABLE_CODE = YES;
				CLANG_WARN__DUPLICATE_METHOD_MATCH = YES;
				"CODE_SIGN_IDENTITY[sdk=iphoneos*]" = "iPhone Developer";
				COPY_PHASE_STRIP = NO;
				DEBUG_INFORMATION_FORMAT = dwarf;
				ENABLE_STRICT_OBJC_MSGSEND = YES;
				ENABLE_TESTABILITY = YES;
				GCC_C_LANGUAGE_STANDARD = gnu99;
				GCC_DYNAMIC_NO_PIC = NO;
				GCC_NO_COMMON_BLOCKS = YES;
				GCC_OPTIMIZATION_LEVEL = 0;
				GCC_PREPROCESSOR_DEFINITIONS = (
					"DEBUG=1",
					"$(inherited)",
				);
				GCC_WARN_64_TO_32_BIT_CONVERSION = YES;
				GCC_WARN_ABOUT_RETURN_TYPE = YES_ERROR;
				GCC_WARN_UNDECLARED_SELECTOR = YES;
				GCC_WARN_UNINITIALIZED_AUTOS = YES_AGGRESSIVE;
				GCC_WARN_UNUSED_FUNCTION = YES;
				GCC_WARN_UNUSED_VARIABLE = YES;
				IPHONEOS_DEPLOYMENT_TARGET = 9.3;
				MTL_ENABLE_DEBUG_INFO = YES;
				ONLY_ACTIVE_ARCH = YES;
				SDKROOT = iphoneos;
				SWIFT_OPTIMIZATION_LEVEL = "-Onone";
				TARGETED_DEVICE_FAMILY = "1,2";
			};
			name = Debug;
		};
		37720AF81D5DAE980028F4E2 /* Release */ = {
			isa = XCBuildConfiguration;
			buildSettings = {
				ALWAYS_SEARCH_USER_PATHS = NO;
				CLANG_ANALYZER_NONNULL = YES;
				CLANG_CXX_LANGUAGE_STANDARD = "gnu++0x";
				CLANG_CXX_LIBRARY = "libc++";
				CLANG_ENABLE_MODULES = YES;
				CLANG_ENABLE_OBJC_ARC = YES;
				CLANG_WARN_BOOL_CONVERSION = YES;
				CLANG_WARN_CONSTANT_CONVERSION = YES;
				CLANG_WARN_DIRECT_OBJC_ISA_USAGE = YES_ERROR;
				CLANG_WARN_EMPTY_BODY = YES;
				CLANG_WARN_ENUM_CONVERSION = YES;
				CLANG_WARN_INT_CONVERSION = YES;
				CLANG_WARN_OBJC_ROOT_CLASS = YES_ERROR;
				CLANG_WARN_UNREACHABLE_CODE = YES;
				CLANG_WARN__DUPLICATE_METHOD_MATCH = YES;
				"CODE_SIGN_IDENTITY[sdk=iphoneos*]" = "iPhone Developer";
				COPY_PHASE_STRIP = NO;
				DEBUG_INFORMATION_FORMAT = "dwarf-with-dsym";
				ENABLE_NS_ASSERTIONS = NO;
				ENABLE_STRICT_OBJC_MSGSEND = YES;
				GCC_C_LANGUAGE_STANDARD = gnu99;
				GCC_NO_COMMON_BLOCKS = YES;
				GCC_WARN_64_TO_32_BIT_CONVERSION = YES;
				GCC_WARN_ABOUT_RETURN_TYPE = YES_ERROR;
				GCC_WARN_UNDECLARED_SELECTOR = YES;
				GCC_WARN_UNINITIALIZED_AUTOS = YES_AGGRESSIVE;
				GCC_WARN_UNUSED_FUNCTION = YES;
				GCC_WARN_UNUSED_VARIABLE = YES;
				IPHONEOS_DEPLOYMENT_TARGET = 9.3;
				MTL_ENABLE_DEBUG_INFO = NO;
				SDKROOT = iphoneos;
				TARGETED_DEVICE_FAMILY = "1,2";
				VALIDATE_PRODUCT = YES;
			};
			name = Release;
		};
		37720AFA1D5DAE980028F4E2 /* Debug */ = {
			isa = XCBuildConfiguration;
			baseConfigurationReference = B474B0BC777C32726A29E3E2 /* Pods-AlamofirePOC.debug.xcconfig */;
			buildSettings = {
				ASSETCATALOG_COMPILER_APPICON_NAME = AppIcon;
				INFOPLIST_FILE = AlamofirePOC/Info.plist;
				IPHONEOS_DEPLOYMENT_TARGET = 8.0;
				LD_RUNPATH_SEARCH_PATHS = "$(inherited) @executable_path/Frameworks";
				PRODUCT_BUNDLE_IDENTIFIER = com.novoinvent.AlamofirePOC;
				PRODUCT_NAME = "$(TARGET_NAME)";
			};
			name = Debug;
		};
		37720AFB1D5DAE980028F4E2 /* Release */ = {
			isa = XCBuildConfiguration;
			baseConfigurationReference = 42D0BFB5D6073E7D5CC53308 /* Pods-AlamofirePOC.release.xcconfig */;
			buildSettings = {
				ASSETCATALOG_COMPILER_APPICON_NAME = AppIcon;
				INFOPLIST_FILE = AlamofirePOC/Info.plist;
				IPHONEOS_DEPLOYMENT_TARGET = 8.0;
				LD_RUNPATH_SEARCH_PATHS = "$(inherited) @executable_path/Frameworks";
				PRODUCT_BUNDLE_IDENTIFIER = com.novoinvent.AlamofirePOC;
				PRODUCT_NAME = "$(TARGET_NAME)";
			};
			name = Release;
		};
/* End XCBuildConfiguration section */

/* Begin XCConfigurationList section */
		37720AE21D5DAE970028F4E2 /* Build configuration list for PBXProject "AlamofirePOC" */ = {
			isa = XCConfigurationList;
			buildConfigurations = (
				37720AF71D5DAE980028F4E2 /* Debug */,
				37720AF81D5DAE980028F4E2 /* Release */,
			);
			defaultConfigurationIsVisible = 0;
			defaultConfigurationName = Release;
		};
		37720AF91D5DAE980028F4E2 /* Build configuration list for PBXNativeTarget "AlamofirePOC" */ = {
			isa = XCConfigurationList;
			buildConfigurations = (
				37720AFA1D5DAE980028F4E2 /* Debug */,
				37720AFB1D5DAE980028F4E2 /* Release */,
			);
			defaultConfigurationIsVisible = 0;
			defaultConfigurationName = Release;
		};
/* End XCConfigurationList section */
	};
	rootObject = 37720ADF1D5DAE970028F4E2 /* Project object */;
}
