// !$*UTF8*$!
{
	archiveVersion = 1;
	classes = {
	};
	objectVersion = 50;
	objects = {

/* Begin PBXBuildFile section */
		E8D904E865A95455ECBDD094 /* Pods_ZipPOC.framework in Frameworks */ = {isa = PBXBuildFile; fileRef = 2D9F94E30E0B112DBFB5E8DB /* Pods_ZipPOC.framework */; };
		FFA33F3521510EBA00D9BA5D /* AppDelegate.swift in Sources */ = {isa = PBXBuildFile; fileRef = FFA33F3421510EBA00D9BA5D /* AppDelegate.swift */; };
		FFA33F3721510EBA00D9BA5D /* ViewController.swift in Sources */ = {isa = PBXBuildFile; fileRef = FFA33F3621510EBA00D9BA5D /* ViewController.swift */; };
		FFA33F3A21510EBA00D9BA5D /* Main.storyboard in Resources */ = {isa = PBXBuildFile; fileRef = FFA33F3821510EBA00D9BA5D /* Main.storyboard */; };
		FFA33F3C21510EC500D9BA5D /* Assets.xcassets in Resources */ = {isa = PBXBuildFile; fileRef = FFA33F3B21510EC500D9BA5D /* Assets.xcassets */; };
		FFA33F3F21510EC500D9BA5D /* LaunchScreen.storyboard in Resources */ = {isa = PBXBuildFile; fileRef = FFA33F3D21510EC500D9BA5D /* LaunchScreen.storyboard */; };
		FFA33F472151100500D9BA5D /* MHBE.zip in Resources */ = {isa = PBXBuildFile; fileRef = FFA33F462151100500D9BA5D /* MHBE.zip */; };
/* End PBXBuildFile section */

/* Begin PBXFileReference section */
		2D9F94E30E0B112DBFB5E8DB /* Pods_ZipPOC.framework */ = {isa = PBXFileReference; explicitFileType = wrapper.framework; includeInIndex = 0; path = Pods_ZipPOC.framework; sourceTree = BUILT_PRODUCTS_DIR; };
		C0C1EFBB36E6834B19D8E7E3 /* Pods-ZipPOC.debug.xcconfig */ = {isa = PBXFileReference; includeInIndex = 1; lastKnownFileType = text.xcconfig; name = "Pods-ZipPOC.debug.xcconfig"; path = "Pods/Target Support Files/Pods-ZipPOC/Pods-ZipPOC.debug.xcconfig"; sourceTree = "<group>"; };
		DD7F18DC1FF372195433B619 /* Pods-ZipPOC.release.xcconfig */ = {isa = PBXFileReference; includeInIndex = 1; lastKnownFileType = text.xcconfig; name = "Pods-ZipPOC.release.xcconfig"; path = "Pods/Target Support Files/Pods-ZipPOC/Pods-ZipPOC.release.xcconfig"; sourceTree = "<group>"; };
		FFA33F3121510EBA00D9BA5D /* ZipPOC.app */ = {isa = PBXFileReference; explicitFileType = wrapper.application; includeInIndex = 0; path = ZipPOC.app; sourceTree = BUILT_PRODUCTS_DIR; };
		FFA33F3421510EBA00D9BA5D /* AppDelegate.swift */ = {isa = PBXFileReference; lastKnownFileType = sourcecode.swift; path = AppDelegate.swift; sourceTree = "<group>"; };
		FFA33F3621510EBA00D9BA5D /* ViewController.swift */ = {isa = PBXFileReference; lastKnownFileType = sourcecode.swift; path = ViewController.swift; sourceTree = "<group>"; };
		FFA33F3921510EBA00D9BA5D /* Base */ = {isa = PBXFileReference; lastKnownFileType = file.storyboard; name = Base; path = Base.lproj/Main.storyboard; sourceTree = "<group>"; };
		FFA33F3B21510EC500D9BA5D /* Assets.xcassets */ = {isa = PBXFileReference; lastKnownFileType = folder.assetcatalog; path = Assets.xcassets; sourceTree = "<group>"; };
		FFA33F3E21510EC500D9BA5D /* Base */ = {isa = PBXFileReference; lastKnownFileType = file.storyboard; name = Base; path = Base.lproj/LaunchScreen.storyboard; sourceTree = "<group>"; };
		FFA33F4021510EC500D9BA5D /* Info.plist */ = {isa = PBXFileReference; lastKnownFileType = text.plist.xml; path = Info.plist; sourceTree = "<group>"; };
		FFA33F462151100500D9BA5D /* MHBE.zip */ = {isa = PBXFileReference; lastKnownFileType = archive.zip; path = MHBE.zip; sourceTree = "<group>"; };
/* End PBXFileReference section */

/* Begin PBXFrameworksBuildPhase section */
		FFA33F2E21510EBA00D9BA5D /* Frameworks */ = {
			isa = PBXFrameworksBuildPhase;
			buildActionMask = 2147483647;
			files = (
				E8D904E865A95455ECBDD094 /* Pods_ZipPOC.framework in Frameworks */,
			);
			runOnlyForDeploymentPostprocessing = 0;
		};
/* End PBXFrameworksBuildPhase section */

/* Begin PBXGroup section */
		6FE6EF3154CF0776DAE06B76 /* Pods */ = {
			isa = PBXGroup;
			children = (
				C0C1EFBB36E6834B19D8E7E3 /* Pods-ZipPOC.debug.xcconfig */,
				DD7F18DC1FF372195433B619 /* Pods-ZipPOC.release.xcconfig */,
			);
			name = Pods;
			sourceTree = "<group>";
		};
		DA18BE374CF765B52A91756F /* Frameworks */ = {
			isa = PBXGroup;
			children = (
				2D9F94E30E0B112DBFB5E8DB /* Pods_ZipPOC.framework */,
			);
			name = Frameworks;
			sourceTree = "<group>";
		};
		FFA33F2821510EBA00D9BA5D = {
			isa = PBXGroup;
			children = (
				FFA33F3321510EBA00D9BA5D /* ZipPOC */,
				FFA33F3221510EBA00D9BA5D /* Products */,
				6FE6EF3154CF0776DAE06B76 /* Pods */,
				DA18BE374CF765B52A91756F /* Frameworks */,
			);
			sourceTree = "<group>";
		};
		FFA33F3221510EBA00D9BA5D /* Products */ = {
			isa = PBXGroup;
			children = (
				FFA33F3121510EBA00D9BA5D /* ZipPOC.app */,
			);
			name = Products;
			sourceTree = "<group>";
		};
		FFA33F3321510EBA00D9BA5D /* ZipPOC */ = {
			isa = PBXGroup;
			children = (
				FFA33F3421510EBA00D9BA5D /* AppDelegate.swift */,
				FFA33F3621510EBA00D9BA5D /* ViewController.swift */,
				FFA33F3821510EBA00D9BA5D /* Main.storyboard */,
				FFA33F3B21510EC500D9BA5D /* Assets.xcassets */,
				FFA33F462151100500D9BA5D /* MHBE.zip */,
				FFA33F3D21510EC500D9BA5D /* LaunchScreen.storyboard */,
				FFA33F4021510EC500D9BA5D /* Info.plist */,
			);
			path = ZipPOC;
			sourceTree = "<group>";
		};
/* End PBXGroup section */

/* Begin PBXNativeTarget section */
		FFA33F3021510EBA00D9BA5D /* ZipPOC */ = {
			isa = PBXNativeTarget;
			buildConfigurationList = FFA33F4321510EC500D9BA5D /* Build configuration list for PBXNativeTarget "ZipPOC" */;
			buildPhases = (
				F7C14F168CF788268FE60CB5 /* [CP] Check Pods Manifest.lock */,
				FFA33F2D21510EBA00D9BA5D /* Sources */,
				FFA33F2E21510EBA00D9BA5D /* Frameworks */,
				FFA33F2F21510EBA00D9BA5D /* Resources */,
				48EBBF5B1737EA2D93128560 /* [CP] Embed Pods Frameworks */,
			);
			buildRules = (
			);
			dependencies = (
			);
			name = ZipPOC;
			productName = ZipPOC;
			productReference = FFA33F3121510EBA00D9BA5D /* ZipPOC.app */;
			productType = "com.apple.product-type.application";
		};
/* End PBXNativeTarget section */

/* Begin PBXProject section */
		FFA33F2921510EBA00D9BA5D /* Project object */ = {
			isa = PBXProject;
			attributes = {
				LastSwiftUpdateCheck = 0940;
				LastUpgradeCheck = 0940;
				ORGANIZATIONNAME = "Akash Soni";
				TargetAttributes = {
					FFA33F3021510EBA00D9BA5D = {
						CreatedOnToolsVersion = 9.4;
					};
				};
			};
			buildConfigurationList = FFA33F2C21510EBA00D9BA5D /* Build configuration list for PBXProject "ZipPOC" */;
			compatibilityVersion = "Xcode 9.3";
			developmentRegion = en;
			hasScannedForEncodings = 0;
			knownRegions = (
				en,
				Base,
			);
			mainGroup = FFA33F2821510EBA00D9BA5D;
			productRefGroup = FFA33F3221510EBA00D9BA5D /* Products */;
			projectDirPath = "";
			projectRoot = "";
			targets = (
				FFA33F3021510EBA00D9BA5D /* ZipPOC */,
			);
		};
/* End PBXProject section */

/* Begin PBXResourcesBuildPhase section */
		FFA33F2F21510EBA00D9BA5D /* Resources */ = {
			isa = PBXResourcesBuildPhase;
			buildActionMask = 2147483647;
			files = (
				FFA33F472151100500D9BA5D /* MHBE.zip in Resources */,
				FFA33F3F21510EC500D9BA5D /* LaunchScreen.storyboard in Resources */,
				FFA33F3C21510EC500D9BA5D /* Assets.xcassets in Resources */,
				FFA33F3A21510EBA00D9BA5D /* Main.storyboard in Resources */,
			);
			runOnlyForDeploymentPostprocessing = 0;
		};
/* End PBXResourcesBuildPhase section */

/* Begin PBXShellScriptBuildPhase section */
		48EBBF5B1737EA2D93128560 /* [CP] Embed Pods Frameworks */ = {
			isa = PBXShellScriptBuildPhase;
			buildActionMask = 2147483647;
			files = (
			);
			inputPaths = (
				"${SRCROOT}/Pods/Target Support Files/Pods-ZipPOC/Pods-ZipPOC-frameworks.sh",
				"${BUILT_PRODUCTS_DIR}/Zip/Zip.framework",
			);
			name = "[CP] Embed Pods Frameworks";
			outputPaths = (
				"${TARGET_BUILD_DIR}/${FRAMEWORKS_FOLDER_PATH}/Zip.framework",
			);
			runOnlyForDeploymentPostprocessing = 0;
			shellPath = /bin/sh;
			shellScript = "\"${SRCROOT}/Pods/Target Support Files/Pods-ZipPOC/Pods-ZipPOC-frameworks.sh\"\n";
			showEnvVarsInLog = 0;
		};
		F7C14F168CF788268FE60CB5 /* [CP] Check Pods Manifest.lock */ = {
			isa = PBXShellScriptBuildPhase;
			buildActionMask = 2147483647;
			files = (
			);
			inputPaths = (
				"${PODS_PODFILE_DIR_PATH}/Podfile.lock",
				"${PODS_ROOT}/Manifest.lock",
			);
			name = "[CP] Check Pods Manifest.lock";
			outputPaths = (
				"$(DERIVED_FILE_DIR)/Pods-ZipPOC-checkManifestLockResult.txt",
			);
			runOnlyForDeploymentPostprocessing = 0;
			shellPath = /bin/sh;
			shellScript = "diff \"${PODS_PODFILE_DIR_PATH}/Podfile.lock\" \"${PODS_ROOT}/Manifest.lock\" > /dev/null\nif [ $? != 0 ] ; then\n    # print error to STDERR\n    echo \"error: The sandbox is not in sync with the Podfile.lock. Run 'pod install' or update your CocoaPods installation.\" >&2\n    exit 1\nfi\n# This output is used by Xcode 'outputs' to avoid re-running this script phase.\necho \"SUCCESS\" > \"${SCRIPT_OUTPUT_FILE_0}\"\n";
			showEnvVarsInLog = 0;
		};
/* End PBXShellScriptBuildPhase section */

/* Begin PBXSourcesBuildPhase section */
		FFA33F2D21510EBA00D9BA5D /* Sources */ = {
			isa = PBXSourcesBuildPhase;
			buildActionMask = 2147483647;
			files = (
				FFA33F3721510EBA00D9BA5D /* ViewController.swift in Sources */,
				FFA33F3521510EBA00D9BA5D /* AppDelegate.swift in Sources */,
			);
			runOnlyForDeploymentPostprocessing = 0;
		};
/* End PBXSourcesBuildPhase section */

/* Begin PBXVariantGroup section */
		FFA33F3821510EBA00D9BA5D /* Main.storyboard */ = {
			isa = PBXVariantGroup;
			children = (
				FFA33F3921510EBA00D9BA5D /* Base */,
			);
			name = Main.storyboard;
			sourceTree = "<group>";
		};
		FFA33F3D21510EC500D9BA5D /* LaunchScreen.storyboard */ = {
			isa = PBXVariantGroup;
			children = (
				FFA33F3E21510EC500D9BA5D /* Base */,
			);
			name = LaunchScreen.storyboard;
			sourceTree = "<group>";
		};
/* End PBXVariantGroup section */

/* Begin XCBuildConfiguration section */
		FFA33F4121510EC500D9BA5D /* Debug */ = {
			isa = XCBuildConfiguration;
			buildSettings = {
				ALWAYS_SEARCH_USER_PATHS = NO;
				CLANG_ANALYZER_NONNULL = YES;
				CLANG_ANALYZER_NUMBER_OBJECT_CONVERSION = YES_AGGRESSIVE;
				CLANG_CXX_LANGUAGE_STANDARD = "gnu++14";
				CLANG_CXX_LIBRARY = "libc++";
				CLANG_ENABLE_MODULES = YES;
				CLANG_ENABLE_OBJC_ARC = YES;
				CLANG_ENABLE_OBJC_WEAK = YES;
				CLANG_WARN_BLOCK_CAPTURE_AUTORELEASING = YES;
				CLANG_WARN_BOOL_CONVERSION = YES;
				CLANG_WARN_COMMA = YES;
				CLANG_WARN_CONSTANT_CONVERSION = YES;
				CLANG_WARN_DEPRECATED_OBJC_IMPLEMENTATIONS = YES;
				CLANG_WARN_DIRECT_OBJC_ISA_USAGE = YES_ERROR;
				CLANG_WARN_DOCUMENTATION_COMMENTS = YES;
				CLANG_WARN_EMPTY_BODY = YES;
				CLANG_WARN_ENUM_CONVERSION = YES;
				CLANG_WARN_INFINITE_RECURSION = YES;
				CLANG_WARN_INT_CONVERSION = YES;
				CLANG_WARN_NON_LITERAL_NULL_CONVERSION = YES;
				CLANG_WARN_OBJC_IMPLICIT_RETAIN_SELF = YES;
				CLANG_WARN_OBJC_LITERAL_CONVERSION = YES;
				CLANG_WARN_OBJC_ROOT_CLASS = YES_ERROR;
				CLANG_WARN_RANGE_LOOP_ANALYSIS = YES;
				CLANG_WARN_STRICT_PROTOTYPES = YES;
				CLANG_WARN_SUSPICIOUS_MOVE = YES;
				CLANG_WARN_UNGUARDED_AVAILABILITY = YES_AGGRESSIVE;
				CLANG_WARN_UNREACHABLE_CODE = YES;
				CLANG_WARN__DUPLICATE_METHOD_MATCH = YES;
				CODE_SIGN_IDENTITY = "iPhone Developer";
				COPY_PHASE_STRIP = NO;
				DEBUG_INFORMATION_FORMAT = dwarf;
				ENABLE_STRICT_OBJC_MSGSEND = YES;
				ENABLE_TESTABILITY = YES;
				GCC_C_LANGUAGE_STANDARD = gnu11;
				GCC_DYNAMIC_NO_PIC = NO;
				GCC_NO_COMMON_BLOCKS = YES;
				GCC_OPTIMIZATION_LEVEL = 0;
				GCC_PREPROCESSOR_DEFINITIONS = (
					"DEBUG=1",
					"$(inherited)",
				);
				GCC_WARN_64_TO_32_BIT_CONVERSION = YES;
				GCC_WARN_ABOUT_RETURN_TYPE = YES_ERROR;
				GCC_WARN_UNDECLARED_SELECTOR = YES;
				GCC_WARN_UNINITIALIZED_AUTOS = YES_AGGRESSIVE;
				GCC_WARN_UNUSED_FUNCTION = YES;
				GCC_WARN_UNUSED_VARIABLE = YES;
				IPHONEOS_DEPLOYMENT_TARGET = 11.4;
				MTL_ENABLE_DEBUG_INFO = YES;
				ONLY_ACTIVE_ARCH = YES;
				SDKROOT = iphoneos;
				SWIFT_ACTIVE_COMPILATION_CONDITIONS = DEBUG;
				SWIFT_OPTIMIZATION_LEVEL = "-Onone";
			};
			name = Debug;
		};
		FFA33F4221510EC500D9BA5D /* Release */ = {
			isa = XCBuildConfiguration;
			buildSettings = {
				ALWAYS_SEARCH_USER_PATHS = NO;
				CLANG_ANALYZER_NONNULL = YES;
				CLANG_ANALYZER_NUMBER_OBJECT_CONVERSION = YES_AGGRESSIVE;
				CLANG_CXX_LANGUAGE_STANDARD = "gnu++14";
				CLANG_CXX_LIBRARY = "libc++";
				CLANG_ENABLE_MODULES = YES;
				CLANG_ENABLE_OBJC_ARC = YES;
				CLANG_ENABLE_OBJC_WEAK = YES;
				CLANG_WARN_BLOCK_CAPTURE_AUTORELEASING = YES;
				CLANG_WARN_BOOL_CONVERSION = YES;
				CLANG_WARN_COMMA = YES;
				CLANG_WARN_CONSTANT_CONVERSION = YES;
				CLANG_WARN_DEPRECATED_OBJC_IMPLEMENTATIONS = YES;
				CLANG_WARN_DIRECT_OBJC_ISA_USAGE = YES_ERROR;
				CLANG_WARN_DOCUMENTATION_COMMENTS = YES;
				CLANG_WARN_EMPTY_BODY = YES;
				CLANG_WARN_ENUM_CONVERSION = YES;
				CLANG_WARN_INFINITE_RECURSION = YES;
				CLANG_WARN_INT_CONVERSION = YES;
				CLANG_WARN_NON_LITERAL_NULL_CONVERSION = YES;
				CLANG_WARN_OBJC_IMPLICIT_RETAIN_SELF = YES;
				CLANG_WARN_OBJC_LITERAL_CONVERSION = YES;
				CLANG_WARN_OBJC_ROOT_CLASS = YES_ERROR;
				CLANG_WARN_RANGE_LOOP_ANALYSIS = YES;
				CLANG_WARN_STRICT_PROTOTYPES = YES;
				CLANG_WARN_SUSPICIOUS_MOVE = YES;
				CLANG_WARN_UNGUARDED_AVAILABILITY = YES_AGGRESSIVE;
				CLANG_WARN_UNREACHABLE_CODE = YES;
				CLANG_WARN__DUPLICATE_METHOD_MATCH = YES;
				CODE_SIGN_IDENTITY = "iPhone Developer";
				COPY_PHASE_STRIP = NO;
				DEBUG_INFORMATION_FORMAT = "dwarf-with-dsym";
				ENABLE_NS_ASSERTIONS = NO;
				ENABLE_STRICT_OBJC_MSGSEND = YES;
				GCC_C_LANGUAGE_STANDARD = gnu11;
				GCC_NO_COMMON_BLOCKS = YES;
				GCC_WARN_64_TO_32_BIT_CONVERSION = YES;
				GCC_WARN_ABOUT_RETURN_TYPE = YES_ERROR;
				GCC_WARN_UNDECLARED_SELECTOR = YES;
				GCC_WARN_UNINITIALIZED_AUTOS = YES_AGGRESSIVE;
				GCC_WARN_UNUSED_FUNCTION = YES;
				GCC_WARN_UNUSED_VARIABLE = YES;
				IPHONEOS_DEPLOYMENT_TARGET = 11.4;
				MTL_ENABLE_DEBUG_INFO = NO;
				SDKROOT = iphoneos;
				SWIFT_COMPILATION_MODE = wholemodule;
				SWIFT_OPTIMIZATION_LEVEL = "-O";
				VALIDATE_PRODUCT = YES;
			};
			name = Release;
		};
		FFA33F4421510EC500D9BA5D /* Debug */ = {
			isa = XCBuildConfiguration;
			baseConfigurationReference = C0C1EFBB36E6834B19D8E7E3 /* Pods-ZipPOC.debug.xcconfig */;
			buildSettings = {
				ASSETCATALOG_COMPILER_APPICON_NAME = AppIcon;
				CODE_SIGN_STYLE = Automatic;
				DEVELOPMENT_TEAM = 5M3S3E76ML;
				INFOPLIST_FILE = ZipPOC/Info.plist;
				LD_RUNPATH_SEARCH_PATHS = (
					"$(inherited)",
					"@executable_path/Frameworks",
				);
				PRODUCT_BUNDLE_IDENTIFIER = com.akashsoni.team.ZipPOC;
				PRODUCT_NAME = "$(TARGET_NAME)";
				SWIFT_VERSION = 4.0;
				TARGETED_DEVICE_FAMILY = "1,2";
			};
			name = Debug;
		};
		FFA33F4521510EC500D9BA5D /* Release */ = {
			isa = XCBuildConfiguration;
			baseConfigurationReference = DD7F18DC1FF372195433B619 /* Pods-ZipPOC.release.xcconfig */;
			buildSettings = {
				ASSETCATALOG_COMPILER_APPICON_NAME = AppIcon;
				CODE_SIGN_STYLE = Automatic;
				DEVELOPMENT_TEAM = 5M3S3E76ML;
				INFOPLIST_FILE = ZipPOC/Info.plist;
				LD_RUNPATH_SEARCH_PATHS = (
					"$(inherited)",
					"@executable_path/Frameworks",
				);
				PRODUCT_BUNDLE_IDENTIFIER = com.akashsoni.team.ZipPOC;
				PRODUCT_NAME = "$(TARGET_NAME)";
				SWIFT_VERSION = 4.0;
				TARGETED_DEVICE_FAMILY = "1,2";
			};
			name = Release;
		};
/* End XCBuildConfiguration section */

/* Begin XCConfigurationList section */
		FFA33F2C21510EBA00D9BA5D /* Build configuration list for PBXProject "ZipPOC" */ = {
			isa = XCConfigurationList;
			buildConfigurations = (
				FFA33F4121510EC500D9BA5D /* Debug */,
				FFA33F4221510EC500D9BA5D /* Release */,
			);
			defaultConfigurationIsVisible = 0;
			defaultConfigurationName = Release;
		};
		FFA33F4321510EC500D9BA5D /* Build configuration list for PBXNativeTarget "ZipPOC" */ = {
			isa = XCConfigurationList;
			buildConfigurations = (
				FFA33F4421510EC500D9BA5D /* Debug */,
				FFA33F4521510EC500D9BA5D /* Release */,
			);
			defaultConfigurationIsVisible = 0;
			defaultConfigurationName = Release;
		};
/* End XCConfigurationList section */
	};
	rootObject = FFA33F2921510EBA00D9BA5D /* Project object */;
}
